
Microsoft Visual Studio Solution File, Format Version 12.00
# Visual Studio Version 16
VisualStudioVersion = 16.0.30907.101
MinimumVisualStudioVersion = 10.0.40219.1
Project("{FAE04EC0-301F-11D3-BF4B-00C04F79EFBC}") = "ChatApplication.WebAPI", "ChatApplication.WebAPI\ChatApplication.WebAPI.csproj", "{2BE562BE-2CF2-4850-BC23-5A78DBCA7BAE}"
EndProject
Project("{FAE04EC0-301F-11D3-BF4B-00C04F79EFBC}") = "ChatApplication.Core", "ChatApplication.Core\ChatApplication.Core.csproj", "{5E6F4C1E-AD02-45CA-9956-7E8892A178E2}"
EndProject
Global
	GlobalSection(SolutionConfigurationPlatforms) = preSolution
		Debug|Any CPU = Debug|Any CPU
		Release|Any CPU = Release|Any CPU
	EndGlobalSection
	GlobalSection(ProjectConfigurationPlatforms) = postSolution
		{2BE562BE-2CF2-4850-BC23-5A78DBCA7BAE}.Debug|Any CPU.ActiveCfg = Debug|Any CPU
		{2BE562BE-2CF2-4850-BC23-5A78DBCA7BAE}.Debug|Any CPU.Build.0 = Debug|Any CPU
		{2BE562BE-2CF2-4850-BC23-5A78DBCA7BAE}.Release|Any CPU.ActiveCfg = Release|Any CPU
		{2BE562BE-2CF2-4850-BC23-5A78DBCA7BAE}.Release|Any CPU.Build.0 = Release|Any CPU
		{5E6F4C1E-AD02-45CA-9956-7E8892A178E2}.Debug|Any CPU.ActiveCfg = Debug|Any CPU
		{5E6F4C1E-AD02-45CA-9956-7E8892A178E2}.Debug|Any CPU.Build.0 = Debug|Any CPU
		{5E6F4C1E-AD02-45CA-9956-7E8892A178E2}.Release|Any CPU.ActiveCfg = Release|Any CPU
		{5E6F4C1E-AD02-45CA-9956-7E8892A178E2}.Release|Any CPU.Build.0 = Release|Any CPU
	EndGlobalSection
	GlobalSection(SolutionProperties) = preSolution
		HideSolutionNode = FALSE
	EndGlobalSection
	GlobalSection(ExtensibilityGlobals) = postSolution
		SolutionGuid = {0E33655E-BE1E-4EF8-8100-106B2F9B0B3C}
	EndGlobalSection
EndGlobal
